
Microsoft Visual Studio Solution File, Format Version 12.00
# Visual Studio Version 16
VisualStudioVersion = 16.0.30523.141
MinimumVisualStudioVersion = 10.0.40219.1
Project("{FAE04EC0-301F-11D3-BF4B-00C04F79EFBC}") = "Calculadora", "Calculadora\Calculadora.csproj", "{5DA9358E-D848-4FBE-A668-FB4EF5FCAF80}"
EndProject
Global
	GlobalSection(SolutionConfigurationPlatforms) = preSolution
		Debug|Any CPU = Debug|Any CPU
		Release|Any CPU = Release|Any CPU
	EndGlobalSection
	GlobalSection(ProjectConfigurationPlatforms) = postSolution
		{5DA9358E-D848-4FBE-A668-FB4EF5FCAF80}.Debug|Any CPU.ActiveCfg = Debug|Any CPU
		{5DA9358E-D848-4FBE-A668-FB4EF5FCAF80}.Debug|Any CPU.Build.0 = Debug|Any CPU
		{5DA9358E-D848-4FBE-A668-FB4EF5FCAF80}.Release|Any CPU.ActiveCfg = Release|Any CPU
		{5DA9358E-D848-4FBE-A668-FB4EF5FCAF80}.Release|Any CPU.Build.0 = Release|Any CPU
	EndGlobalSection
	GlobalSection(SolutionProperties) = preSolution
		HideSolutionNode = FALSE
	EndGlobalSection
	GlobalSection(ExtensibilityGlobals) = postSolution
		SolutionGuid = {FED55DFE-FD8D-4736-8F53-EACF3CDADE38}
	EndGlobalSection
EndGlobal
